
Microsoft Visual Studio Solution File, Format Version 12.00
# Visual Studio Version 16
VisualStudioVersion = 16.0.29911.84
MinimumVisualStudioVersion = 10.0.40219.1
Project("{2150E333-8FDC-42A3-9474-1A3956D46DE8}") = "2. Application", "2. Application", "{BC33802F-E809-4BB8-ACC3-1179AF221F56}"
EndProject
Project("{2150E333-8FDC-42A3-9474-1A3956D46DE8}") = "3. Domain", "3. Domain", "{8F3E2BDF-B840-4ABB-B516-8025842957E3}"
EndProject
Project("{2150E333-8FDC-42A3-9474-1A3956D46DE8}") = "4. Infra", "4. Infra", "{0184D86A-5C39-4328-89CA-5C25A04F5310}"
EndProject
Project("{2150E333-8FDC-42A3-9474-1A3956D46DE8}") = "1. UI", "1. UI", "{EF7803B5-8A30-4B63-B6E0-4BF12FC92FCA}"
EndProject
Project("{FAE04EC0-301F-11D3-BF4B-00C04F79EFBC}") = "Soft.Domain", "Soft.Domain\Soft.Domain.csproj", "{BAF52F04-07D1-4284-8A37-78A9C77E96A2}"
EndProject
Project("{FAE04EC0-301F-11D3-BF4B-00C04F79EFBC}") = "Soft.Application", "Soft.Application\Soft.Application.csproj", "{174CA2B5-82AE-431F-BF5C-DBD01C0AFC93}"
EndProject
Project("{FAE04EC0-301F-11D3-BF4B-00C04F79EFBC}") = "Soft.Infra.Data", "Soft.Infra.Data\Soft.Infra.Data.csproj", "{AA5258A4-278A-4704-9B53-811787034CD4}"
EndProject
Project("{FAE04EC0-301F-11D3-BF4B-00C04F79EFBC}") = "Soft.Infra.IoC", "Soft.Infra.IoC\Soft.Infra.IoC.csproj", "{A8278834-1EC0-4D97-922B-92143CF928BE}"
EndProject
Project("{2150E333-8FDC-42A3-9474-1A3956D46DE8}") = "6. Tests", "6. Tests", "{9F86FDC2-20C7-4F1E-9DF4-C85B98979373}"
EndProject
Project("{FAE04EC0-301F-11D3-BF4B-00C04F79EFBC}") = "Test.Domain", "Test.Domain\Test.Domain.csproj", "{817736BE-6F3B-416A-BE0B-14CB86001D8E}"
EndProject
Project("{FAE04EC0-301F-11D3-BF4B-00C04F79EFBC}") = "Soft.Wpf", "Soft.Wpf\Soft.Wpf.csproj", "{9ECDDB38-616A-4036-AB6A-D5E95629312C}"
EndProject
Project("{2150E333-8FDC-42A3-9474-1A3956D46DE8}") = "5. Entities", "5. Entities", "{A4AB5025-81DF-4D17-8B75-7A5552878BB4}"
EndProject
Project("{FAE04EC0-301F-11D3-BF4B-00C04F79EFBC}") = "Soft.Entities", "Soft.Entities\Soft.Entities.csproj", "{F43913A3-7388-4E58-B0EA-DF4DF109EC2A}"
EndProject
Global
	GlobalSection(SolutionConfigurationPlatforms) = preSolution
		Debug|Any CPU = Debug|Any CPU
		Release|Any CPU = Release|Any CPU
	EndGlobalSection
	GlobalSection(ProjectConfigurationPlatforms) = postSolution
		{BAF52F04-07D1-4284-8A37-78A9C77E96A2}.Debug|Any CPU.ActiveCfg = Debug|Any CPU
		{BAF52F04-07D1-4284-8A37-78A9C77E96A2}.Debug|Any CPU.Build.0 = Debug|Any CPU
		{BAF52F04-07D1-4284-8A37-78A9C77E96A2}.Release|Any CPU.ActiveCfg = Release|Any CPU
		{BAF52F04-07D1-4284-8A37-78A9C77E96A2}.Release|Any CPU.Build.0 = Release|Any CPU
		{174CA2B5-82AE-431F-BF5C-DBD01C0AFC93}.Debug|Any CPU.ActiveCfg = Debug|Any CPU
		{174CA2B5-82AE-431F-BF5C-DBD01C0AFC93}.Debug|Any CPU.Build.0 = Debug|Any CPU
		{174CA2B5-82AE-431F-BF5C-DBD01C0AFC93}.Release|Any CPU.ActiveCfg = Release|Any CPU
		{174CA2B5-82AE-431F-BF5C-DBD01C0AFC93}.Release|Any CPU.Build.0 = Release|Any CPU
		{AA5258A4-278A-4704-9B53-811787034CD4}.Debug|Any CPU.ActiveCfg = Debug|Any CPU
		{AA5258A4-278A-4704-9B53-811787034CD4}.Debug|Any CPU.Build.0 = Debug|Any CPU
		{AA5258A4-278A-4704-9B53-811787034CD4}.Release|Any CPU.ActiveCfg = Release|Any CPU
		{AA5258A4-278A-4704-9B53-811787034CD4}.Release|Any CPU.Build.0 = Release|Any CPU
		{A8278834-1EC0-4D97-922B-92143CF928BE}.Debug|Any CPU.ActiveCfg = Debug|Any CPU
		{A8278834-1EC0-4D97-922B-92143CF928BE}.Debug|Any CPU.Build.0 = Debug|Any CPU
		{A8278834-1EC0-4D97-922B-92143CF928BE}.Release|Any CPU.ActiveCfg = Release|Any CPU
		{A8278834-1EC0-4D97-922B-92143CF928BE}.Release|Any CPU.Build.0 = Release|Any CPU
		{817736BE-6F3B-416A-BE0B-14CB86001D8E}.Debug|Any CPU.ActiveCfg = Debug|Any CPU
		{817736BE-6F3B-416A-BE0B-14CB86001D8E}.Debug|Any CPU.Build.0 = Debug|Any CPU
		{817736BE-6F3B-416A-BE0B-14CB86001D8E}.Release|Any CPU.ActiveCfg = Release|Any CPU
		{817736BE-6F3B-416A-BE0B-14CB86001D8E}.Release|Any CPU.Build.0 = Release|Any CPU
		{9ECDDB38-616A-4036-AB6A-D5E95629312C}.Debug|Any CPU.ActiveCfg = Debug|Any CPU
		{9ECDDB38-616A-4036-AB6A-D5E95629312C}.Debug|Any CPU.Build.0 = Debug|Any CPU
		{9ECDDB38-616A-4036-AB6A-D5E95629312C}.Release|Any CPU.ActiveCfg = Release|Any CPU
		{9ECDDB38-616A-4036-AB6A-D5E95629312C}.Release|Any CPU.Build.0 = Release|Any CPU
		{F43913A3-7388-4E58-B0EA-DF4DF109EC2A}.Debug|Any CPU.ActiveCfg = Debug|Any CPU
		{F43913A3-7388-4E58-B0EA-DF4DF109EC2A}.Debug|Any CPU.Build.0 = Debug|Any CPU
		{F43913A3-7388-4E58-B0EA-DF4DF109EC2A}.Release|Any CPU.ActiveCfg = Release|Any CPU
		{F43913A3-7388-4E58-B0EA-DF4DF109EC2A}.Release|Any CPU.Build.0 = Release|Any CPU
	EndGlobalSection
	GlobalSection(SolutionProperties) = preSolution
		HideSolutionNode = FALSE
	EndGlobalSection
	GlobalSection(NestedProjects) = preSolution
		{BAF52F04-07D1-4284-8A37-78A9C77E96A2} = {8F3E2BDF-B840-4ABB-B516-8025842957E3}
		{174CA2B5-82AE-431F-BF5C-DBD01C0AFC93} = {BC33802F-E809-4BB8-ACC3-1179AF221F56}
		{AA5258A4-278A-4704-9B53-811787034CD4} = {0184D86A-5C39-4328-89CA-5C25A04F5310}
		{A8278834-1EC0-4D97-922B-92143CF928BE} = {0184D86A-5C39-4328-89CA-5C25A04F5310}
		{817736BE-6F3B-416A-BE0B-14CB86001D8E} = {9F86FDC2-20C7-4F1E-9DF4-C85B98979373}
		{9ECDDB38-616A-4036-AB6A-D5E95629312C} = {EF7803B5-8A30-4B63-B6E0-4BF12FC92FCA}
		{F43913A3-7388-4E58-B0EA-DF4DF109EC2A} = {A4AB5025-81DF-4D17-8B75-7A5552878BB4}
	EndGlobalSection
	GlobalSection(ExtensibilityGlobals) = postSolution
		SolutionGuid = {BA8A74BF-2CA3-41BB-B27B-9AC8AE46EC70}
	EndGlobalSection
EndGlobal
